// !$*UTF8*$!
{
	archiveVersion = 1;
	classes = {
	};
	objectVersion = 56;
	objects = {

/* Begin PBXBuildFile section */
		F45558CD2A057D0C004072D1 /* SwiftBetaMarketApp.swift in Sources */ = {isa = PBXBuildFile; fileRef = F45558CC2A057D0C004072D1 /* SwiftBetaMarketApp.swift */; };
		F45558CF2A057D0C004072D1 /* ContentView.swift in Sources */ = {isa = PBXBuildFile; fileRef = F45558CE2A057D0C004072D1 /* ContentView.swift */; };
		F45558D12A057D0D004072D1 /* Assets.xcassets in Resources */ = {isa = PBXBuildFile; fileRef = F45558D02A057D0D004072D1 /* Assets.xcassets */; };
		F45558D42A057D0D004072D1 /* Preview Assets.xcassets in Resources */ = {isa = PBXBuildFile; fileRef = F45558D32A057D0D004072D1 /* Preview Assets.xcassets */; };
		F45558DB2A06313E004072D1 /* DeliveryActivityUseCase.swift in Sources */ = {isa = PBXBuildFile; fileRef = F45558DA2A06313E004072D1 /* DeliveryActivityUseCase.swift */; };
		F45558DE2A0632B2004072D1 /* DeliveryStatus.swift in Sources */ = {isa = PBXBuildFile; fileRef = F45558DD2A0632B2004072D1 /* DeliveryStatus.swift */; };
		F45558E02A06358D004072D1 /* DeliveryAttributes.swift in Sources */ = {isa = PBXBuildFile; fileRef = F45558DF2A06358D004072D1 /* DeliveryAttributes.swift */; };
		F45558E82A063F23004072D1 /* WidgetKit.framework in Frameworks */ = {isa = PBXBuildFile; fileRef = F45558E72A063F23004072D1 /* WidgetKit.framework */; };
		F45558EA2A063F23004072D1 /* SwiftUI.framework in Frameworks */ = {isa = PBXBuildFile; fileRef = F45558E92A063F23004072D1 /* SwiftUI.framework */; };
		F45558EF2A063F23004072D1 /* MyExtensionLiveActivity.swift in Sources */ = {isa = PBXBuildFile; fileRef = F45558EE2A063F23004072D1 /* MyExtensionLiveActivity.swift */; };
		F45558F42A063F24004072D1 /* Assets.xcassets in Resources */ = {isa = PBXBuildFile; fileRef = F45558F32A063F24004072D1 /* Assets.xcassets */; };
		F45558F62A063F24004072D1 /* MyExtension.intentdefinition in Sources */ = {isa = PBXBuildFile; fileRef = F45558F22A063F23004072D1 /* MyExtension.intentdefinition */; };
		F45558F72A063F24004072D1 /* MyExtension.intentdefinition in Sources */ = {isa = PBXBuildFile; fileRef = F45558F22A063F23004072D1 /* MyExtension.intentdefinition */; };
		F45558FA2A063F24004072D1 /* MyExtensionExtension.appex in Embed Foundation Extensions */ = {isa = PBXBuildFile; fileRef = F45558E52A063F23004072D1 /* MyExtensionExtension.appex */; settings = {ATTRIBUTES = (RemoveHeadersOnCopy, ); }; };
		F45558FF2A0641F8004072D1 /* DeliveryAttributes.swift in Sources */ = {isa = PBXBuildFile; fileRef = F45558DF2A06358D004072D1 /* DeliveryAttributes.swift */; };
		F45559002A0642AC004072D1 /* DeliveryStatus.swift in Sources */ = {isa = PBXBuildFile; fileRef = F45558DD2A0632B2004072D1 /* DeliveryStatus.swift */; };
/* End PBXBuildFile section */

/* Begin PBXContainerItemProxy section */
		F45558F82A063F24004072D1 /* PBXContainerItemProxy */ = {
			isa = PBXContainerItemProxy;
			containerPortal = F45558C12A057D0C004072D1 /* Project object */;
			proxyType = 1;
			remoteGlobalIDString = F45558E42A063F23004072D1;
			remoteInfo = MyExtensionExtension;
		};
/* End PBXContainerItemProxy section */

/* Begin PBXCopyFilesBuildPhase section */
		F45558FE2A063F24004072D1 /* Embed Foundation Extensions */ = {
			isa = PBXCopyFilesBuildPhase;
			buildActionMask = 2147483647;
			dstPath = "";
			dstSubfolderSpec = 13;
			files = (
				F45558FA2A063F24004072D1 /* MyExtensionExtension.appex in Embed Foundation Extensions */,
			);
			name = "Embed Foundation Extensions";
			runOnlyForDeploymentPostprocessing = 0;
		};
/* End PBXCopyFilesBuildPhase section */

/* Begin PBXFileReference section */
		F45558C92A057D0C004072D1 /* SwiftBetaMarket.app */ = {isa = PBXFileReference; explicitFileType = wrapper.application; includeInIndex = 0; path = SwiftBetaMarket.app; sourceTree = BUILT_PRODUCTS_DIR; };
		F45558CC2A057D0C004072D1 /* SwiftBetaMarketApp.swift */ = {isa = PBXFileReference; lastKnownFileType = sourcecode.swift; path = SwiftBetaMarketApp.swift; sourceTree = "<group>"; };
		F45558CE2A057D0C004072D1 /* ContentView.swift */ = {isa = PBXFileReference; lastKnownFileType = sourcecode.swift; path = ContentView.swift; sourceTree = "<group>"; };
		F45558D02A057D0D004072D1 /* Assets.xcassets */ = {isa = PBXFileReference; lastKnownFileType = folder.assetcatalog; path = Assets.xcassets; sourceTree = "<group>"; };
		F45558D32A057D0D004072D1 /* Preview Assets.xcassets */ = {isa = PBXFileReference; lastKnownFileType = folder.assetcatalog; path = "Preview Assets.xcassets"; sourceTree = "<group>"; };
		F45558DA2A06313E004072D1 /* DeliveryActivityUseCase.swift */ = {isa = PBXFileReference; lastKnownFileType = sourcecode.swift; path = DeliveryActivityUseCase.swift; sourceTree = "<group>"; };
		F45558DD2A0632B2004072D1 /* DeliveryStatus.swift */ = {isa = PBXFileReference; lastKnownFileType = sourcecode.swift; path = DeliveryStatus.swift; sourceTree = "<group>"; };
		F45558DF2A06358D004072D1 /* DeliveryAttributes.swift */ = {isa = PBXFileReference; lastKnownFileType = sourcecode.swift; path = DeliveryAttributes.swift; sourceTree = "<group>"; };
		F45558E52A063F23004072D1 /* MyExtensionExtension.appex */ = {isa = PBXFileReference; explicitFileType = "wrapper.app-extension"; includeInIndex = 0; path = MyExtensionExtension.appex; sourceTree = BUILT_PRODUCTS_DIR; };
		F45558E72A063F23004072D1 /* WidgetKit.framework */ = {isa = PBXFileReference; lastKnownFileType = wrapper.framework; name = WidgetKit.framework; path = System/Library/Frameworks/WidgetKit.framework; sourceTree = SDKROOT; };
		F45558E92A063F23004072D1 /* SwiftUI.framework */ = {isa = PBXFileReference; lastKnownFileType = wrapper.framework; name = SwiftUI.framework; path = System/Library/Frameworks/SwiftUI.framework; sourceTree = SDKROOT; };
		F45558EE2A063F23004072D1 /* MyExtensionLiveActivity.swift */ = {isa = PBXFileReference; lastKnownFileType = sourcecode.swift; path = MyExtensionLiveActivity.swift; sourceTree = "<group>"; };
		F45558F22A063F23004072D1 /* MyExtension.intentdefinition */ = {isa = PBXFileReference; lastKnownFileType = file.intentdefinition; path = MyExtension.intentdefinition; sourceTree = "<group>"; };
		F45558F32A063F24004072D1 /* Assets.xcassets */ = {isa = PBXFileReference; lastKnownFileType = folder.assetcatalog; path = Assets.xcassets; sourceTree = "<group>"; };
		F45558F52A063F24004072D1 /* Info.plist */ = {isa = PBXFileReference; lastKnownFileType = text.plist.xml; path = Info.plist; sourceTree = "<group>"; };
/* End PBXFileReference section */

/* Begin PBXFrameworksBuildPhase section */
		F45558C62A057D0C004072D1 /* Frameworks */ = {
			isa = PBXFrameworksBuildPhase;
			buildActionMask = 2147483647;
			files = (
			);
			runOnlyForDeploymentPostprocessing = 0;
		};
		F45558E22A063F23004072D1 /* Frameworks */ = {
			isa = PBXFrameworksBuildPhase;
			buildActionMask = 2147483647;
			files = (
				F45558EA2A063F23004072D1 /* SwiftUI.framework in Frameworks */,
				F45558E82A063F23004072D1 /* WidgetKit.framework in Frameworks */,
			);
			runOnlyForDeploymentPostprocessing = 0;
		};
/* End PBXFrameworksBuildPhase section */

/* Begin PBXGroup section */
		F45558C02A057D0C004072D1 = {
			isa = PBXGroup;
			children = (
				F45558CB2A057D0C004072D1 /* SwiftBetaMarket */,
				F45558EB2A063F23004072D1 /* MyExtension */,
				F45558E62A063F23004072D1 /* Frameworks */,
				F45558CA2A057D0C004072D1 /* Products */,
			);
			sourceTree = "<group>";
		};
		F45558CA2A057D0C004072D1 /* Products */ = {
			isa = PBXGroup;
			children = (
				F45558C92A057D0C004072D1 /* SwiftBetaMarket.app */,
				F45558E52A063F23004072D1 /* MyExtensionExtension.appex */,
			);
			name = Products;
			sourceTree = "<group>";
		};
		F45558CB2A057D0C004072D1 /* SwiftBetaMarket */ = {
			isa = PBXGroup;
			children = (
				F45558CC2A057D0C004072D1 /* SwiftBetaMarketApp.swift */,
				F45558CE2A057D0C004072D1 /* ContentView.swift */,
				F45558DA2A06313E004072D1 /* DeliveryActivityUseCase.swift */,
				F45558DC2A06329E004072D1 /* Model */,
				F45558D02A057D0D004072D1 /* Assets.xcassets */,
				F45558D22A057D0D004072D1 /* Preview Content */,
			);
			path = SwiftBetaMarket;
			sourceTree = "<group>";
		};
		F45558D22A057D0D004072D1 /* Preview Content */ = {
			isa = PBXGroup;
			children = (
				F45558D32A057D0D004072D1 /* Preview Assets.xcassets */,
			);
			path = "Preview Content";
			sourceTree = "<group>";
		};
		F45558DC2A06329E004072D1 /* Model */ = {
			isa = PBXGroup;
			children = (
				F45558DD2A0632B2004072D1 /* DeliveryStatus.swift */,
				F45558DF2A06358D004072D1 /* DeliveryAttributes.swift */,
			);
			path = Model;
			sourceTree = "<group>";
		};
		F45558E62A063F23004072D1 /* Frameworks */ = {
			isa = PBXGroup;
			children = (
				F45558E72A063F23004072D1 /* WidgetKit.framework */,
				F45558E92A063F23004072D1 /* SwiftUI.framework */,
			);
			name = Frameworks;
			sourceTree = "<group>";
		};
		F45558EB2A063F23004072D1 /* MyExtension */ = {
			isa = PBXGroup;
			children = (
				F45558EE2A063F23004072D1 /* MyExtensionLiveActivity.swift */,
				F45558F22A063F23004072D1 /* MyExtension.intentdefinition */,
				F45558F32A063F24004072D1 /* Assets.xcassets */,
				F45558F52A063F24004072D1 /* Info.plist */,
			);
			path = MyExtension;
			sourceTree = "<group>";
		};
/* End PBXGroup section */

/* Begin PBXNativeTarget section */
		F45558C82A057D0C004072D1 /* SwiftBetaMarket */ = {
			isa = PBXNativeTarget;
			buildConfigurationList = F45558D72A057D0D004072D1 /* Build configuration list for PBXNativeTarget "SwiftBetaMarket" */;
			buildPhases = (
				F45558C52A057D0C004072D1 /* Sources */,
				F45558C62A057D0C004072D1 /* Frameworks */,
				F45558C72A057D0C004072D1 /* Resources */,
				F45558FE2A063F24004072D1 /* Embed Foundation Extensions */,
			);
			buildRules = (
			);
			dependencies = (
				F45558F92A063F24004072D1 /* PBXTargetDependency */,
			);
			name = SwiftBetaMarket;
			productName = SwiftBetaMarket;
			productReference = F45558C92A057D0C004072D1 /* SwiftBetaMarket.app */;
			productType = "com.apple.product-type.application";
		};
		F45558E42A063F23004072D1 /* MyExtensionExtension */ = {
			isa = PBXNativeTarget;
			buildConfigurationList = F45558FB2A063F24004072D1 /* Build configuration list for PBXNativeTarget "MyExtensionExtension" */;
			buildPhases = (
				F45558E12A063F23004072D1 /* Sources */,
				F45558E22A063F23004072D1 /* Frameworks */,
				F45558E32A063F23004072D1 /* Resources */,
			);
			buildRules = (
			);
			dependencies = (
			);
			name = MyExtensionExtension;
			productName = MyExtensionExtension;
			productReference = F45558E52A063F23004072D1 /* MyExtensionExtension.appex */;
			productType = "com.apple.product-type.app-extension";
		};
/* End PBXNativeTarget section */

/* Begin PBXProject section */
		F45558C12A057D0C004072D1 /* Project object */ = {
			isa = PBXProject;
			attributes = {
				BuildIndependentTargetsInParallel = 1;
				LastSwiftUpdateCheck = 1430;
				LastUpgradeCheck = 1430;
				TargetAttributes = {
					F45558C82A057D0C004072D1 = {
						CreatedOnToolsVersion = 14.3;
					};
					F45558E42A063F23004072D1 = {
						CreatedOnToolsVersion = 14.3;
					};
				};
			};
			buildConfigurationList = F45558C42A057D0C004072D1 /* Build configuration list for PBXProject "SwiftBetaMarket" */;
			compatibilityVersion = "Xcode 14.0";
			developmentRegion = en;
			hasScannedForEncodings = 0;
			knownRegions = (
				en,
				Base,
			);
			mainGroup = F45558C02A057D0C004072D1;
			productRefGroup = F45558CA2A057D0C004072D1 /* Products */;
			projectDirPath = "";
			projectRoot = "";
			targets = (
				F45558C82A057D0C004072D1 /* SwiftBetaMarket */,
				F45558E42A063F23004072D1 /* MyExtensionExtension */,
			);
		};
/* End PBXProject section */

/* Begin PBXResourcesBuildPhase section */
		F45558C72A057D0C004072D1 /* Resources */ = {
			isa = PBXResourcesBuildPhase;
			buildActionMask = 2147483647;
			files = (
				F45558D42A057D0D004072D1 /* Preview Assets.xcassets in Resources */,
				F45558D12A057D0D004072D1 /* Assets.xcassets in Resources */,
			);
			runOnlyForDeploymentPostprocessing = 0;
		};
		F45558E32A063F23004072D1 /* Resources */ = {
			isa = PBXResourcesBuildPhase;
			buildActionMask = 2147483647;
			files = (
				F45558F42A063F24004072D1 /* Assets.xcassets in Resources */,
			);
			runOnlyForDeploymentPostprocessing = 0;
		};
/* End PBXResourcesBuildPhase section */

/* Begin PBXSourcesBuildPhase section */
		F45558C52A057D0C004072D1 /* Sources */ = {
			isa = PBXSourcesBuildPhase;
			buildActionMask = 2147483647;
			files = (
				F45558CF2A057D0C004072D1 /* ContentView.swift in Sources */,
				F45558CD2A057D0C004072D1 /* SwiftBetaMarketApp.swift in Sources */,
				F45558F72A063F24004072D1 /* MyExtension.intentdefinition in Sources */,
				F45558DB2A06313E004072D1 /* DeliveryActivityUseCase.swift in Sources */,
				F45558E02A06358D004072D1 /* DeliveryAttributes.swift in Sources */,
				F45558DE2A0632B2004072D1 /* DeliveryStatus.swift in Sources */,
			);
			runOnlyForDeploymentPostprocessing = 0;
		};
		F45558E12A063F23004072D1 /* Sources */ = {
			isa = PBXSourcesBuildPhase;
			buildActionMask = 2147483647;
			files = (
				F45558F62A063F24004072D1 /* MyExtension.intentdefinition in Sources */,
				F45558FF2A0641F8004072D1 /* DeliveryAttributes.swift in Sources */,
				F45558EF2A063F23004072D1 /* MyExtensionLiveActivity.swift in Sources */,
				F45559002A0642AC004072D1 /* DeliveryStatus.swift in Sources */,
			);
			runOnlyForDeploymentPostprocessing = 0;
		};
/* End PBXSourcesBuildPhase section */

/* Begin PBXTargetDependency section */
		F45558F92A063F24004072D1 /* PBXTargetDependency */ = {
			isa = PBXTargetDependency;
			target = F45558E42A063F23004072D1 /* MyExtensionExtension */;
			targetProxy = F45558F82A063F24004072D1 /* PBXContainerItemProxy */;
		};
/* End PBXTargetDependency section */

/* Begin XCBuildConfiguration section */
		F45558D52A057D0D004072D1 /* Debug */ = {
			isa = XCBuildConfiguration;
			buildSettings = {
				ALWAYS_SEARCH_USER_PATHS = NO;
				CLANG_ANALYZER_NONNULL = YES;
				CLANG_ANALYZER_NUMBER_OBJECT_CONVERSION = YES_AGGRESSIVE;
				CLANG_CXX_LANGUAGE_STANDARD = "gnu++20";
				CLANG_ENABLE_MODULES = YES;
				CLANG_ENABLE_OBJC_ARC = YES;
				CLANG_ENABLE_OBJC_WEAK = YES;
				CLANG_WARN_BLOCK_CAPTURE_AUTORELEASING = YES;
				CLANG_WARN_BOOL_CONVERSION = YES;
				CLANG_WARN_COMMA = YES;
				CLANG_WARN_CONSTANT_CONVERSION = YES;
				CLANG_WARN_DEPRECATED_OBJC_IMPLEMENTATIONS = YES;
				CLANG_WARN_DIRECT_OBJC_ISA_USAGE = YES_ERROR;
				CLANG_WARN_DOCUMENTATION_COMMENTS = YES;
				CLANG_WARN_EMPTY_BODY = YES;
				CLANG_WARN_ENUM_CONVERSION = YES;
				CLANG_WARN_INFINITE_RECURSION = YES;
				CLANG_WARN_INT_CONVERSION = YES;
				CLANG_WARN_NON_LITERAL_NULL_CONVERSION = YES;
				CLANG_WARN_OBJC_IMPLICIT_RETAIN_SELF = YES;
				CLANG_WARN_OBJC_LITERAL_CONVERSION = YES;
				CLANG_WARN_OBJC_ROOT_CLASS = YES_ERROR;
				CLANG_WARN_QUOTED_INCLUDE_IN_FRAMEWORK_HEADER = YES;
				CLANG_WARN_RANGE_LOOP_ANALYSIS = YES;
				CLANG_WARN_STRICT_PROTOTYPES = YES;
				CLANG_WARN_SUSPICIOUS_MOVE = YES;
				CLANG_WARN_UNGUARDED_AVAILABILITY = YES_AGGRESSIVE;
				CLANG_WARN_UNREACHABLE_CODE = YES;
				CLANG_WARN__DUPLICATE_METHOD_MATCH = YES;
				COPY_PHASE_STRIP = NO;
				DEBUG_INFORMATION_FORMAT = dwarf;
				ENABLE_STRICT_OBJC_MSGSEND = YES;
				ENABLE_TESTABILITY = YES;
				GCC_C_LANGUAGE_STANDARD = gnu11;
				GCC_DYNAMIC_NO_PIC = NO;
				GCC_NO_COMMON_BLOCKS = YES;
				GCC_OPTIMIZATION_LEVEL = 0;
				GCC_PREPROCESSOR_DEFINITIONS = (
					"DEBUG=1",
					"$(inherited)",
				);
				GCC_WARN_64_TO_32_BIT_CONVERSION = YES;
				GCC_WARN_ABOUT_RETURN_TYPE = YES_ERROR;
				GCC_WARN_UNDECLARED_SELECTOR = YES;
				GCC_WARN_UNINITIALIZED_AUTOS = YES_AGGRESSIVE;
				GCC_WARN_UNUSED_FUNCTION = YES;
				GCC_WARN_UNUSED_VARIABLE = YES;
				IPHONEOS_DEPLOYMENT_TARGET = 16.4;
				MTL_ENABLE_DEBUG_INFO = INCLUDE_SOURCE;
				MTL_FAST_MATH = YES;
				ONLY_ACTIVE_ARCH = YES;
				SDKROOT = iphoneos;
				SWIFT_ACTIVE_COMPILATION_CONDITIONS = DEBUG;
				SWIFT_OPTIMIZATION_LEVEL = "-Onone";
			};
			name = Debug;
		};
		F45558D62A057D0D004072D1 /* Release */ = {
			isa = XCBuildConfiguration;
			buildSettings = {
				ALWAYS_SEARCH_USER_PATHS = NO;
				CLANG_ANALYZER_NONNULL = YES;
				CLANG_ANALYZER_NUMBER_OBJECT_CONVERSION = YES_AGGRESSIVE;
				CLANG_CXX_LANGUAGE_STANDARD = "gnu++20";
				CLANG_ENABLE_MODULES = YES;
				CLANG_ENABLE_OBJC_ARC = YES;
				CLANG_ENABLE_OBJC_WEAK = YES;
				CLANG_WARN_BLOCK_CAPTURE_AUTORELEASING = YES;
				CLANG_WARN_BOOL_CONVERSION = YES;
				CLANG_WARN_COMMA = YES;
				CLANG_WARN_CONSTANT_CONVERSION = YES;
				CLANG_WARN_DEPRECATED_OBJC_IMPLEMENTATIONS = YES;
				CLANG_WARN_DIRECT_OBJC_ISA_USAGE = YES_ERROR;
				CLANG_WARN_DOCUMENTATION_COMMENTS = YES;
				CLANG_WARN_EMPTY_BODY = YES;
				CLANG_WARN_ENUM_CONVERSION = YES;
				CLANG_WARN_INFINITE_RECURSION = YES;
				CLANG_WARN_INT_CONVERSION = YES;
				CLANG_WARN_NON_LITERAL_NULL_CONVERSION = YES;
				CLANG_WARN_OBJC_IMPLICIT_RETAIN_SELF = YES;
				CLANG_WARN_OBJC_LITERAL_CONVERSION = YES;
				CLANG_WARN_OBJC_ROOT_CLASS = YES_ERROR;
				CLANG_WARN_QUOTED_INCLUDE_IN_FRAMEWORK_HEADER = YES;
				CLANG_WARN_RANGE_LOOP_ANALYSIS = YES;
				CLANG_WARN_STRICT_PROTOTYPES = YES;
				CLANG_WARN_SUSPICIOUS_MOVE = YES;
				CLANG_WARN_UNGUARDED_AVAILABILITY = YES_AGGRESSIVE;
				CLANG_WARN_UNREACHABLE_CODE = YES;
				CLANG_WARN__DUPLICATE_METHOD_MATCH = YES;
				COPY_PHASE_STRIP = NO;
				DEBUG_INFORMATION_FORMAT = "dwarf-with-dsym";
				ENABLE_NS_ASSERTIONS = NO;
				ENABLE_STRICT_OBJC_MSGSEND = YES;
				GCC_C_LANGUAGE_STANDARD = gnu11;
				GCC_NO_COMMON_BLOCKS = YES;
				GCC_WARN_64_TO_32_BIT_CONVERSION = YES;
				GCC_WARN_ABOUT_RETURN_TYPE = YES_ERROR;
				GCC_WARN_UNDECLARED_SELECTOR = YES;
				GCC_WARN_UNINITIALIZED_AUTOS = YES_AGGRESSIVE;
				GCC_WARN_UNUSED_FUNCTION = YES;
				GCC_WARN_UNUSED_VARIABLE = YES;
				IPHONEOS_DEPLOYMENT_TARGET = 16.4;
				MTL_ENABLE_DEBUG_INFO = NO;
				MTL_FAST_MATH = YES;
				SDKROOT = iphoneos;
				SWIFT_COMPILATION_MODE = wholemodule;
				SWIFT_OPTIMIZATION_LEVEL = "-O";
				VALIDATE_PRODUCT = YES;
			};
			name = Release;
		};
		F45558D82A057D0D004072D1 /* Debug */ = {
			isa = XCBuildConfiguration;
			buildSettings = {
				ALWAYS_EMBED_SWIFT_STANDARD_LIBRARIES = YES;
				ASSETCATALOG_COMPILER_APPICON_NAME = AppIcon;
				ASSETCATALOG_COMPILER_GLOBAL_ACCENT_COLOR_NAME = AccentColor;
				CODE_SIGN_STYLE = Automatic;
				CURRENT_PROJECT_VERSION = 1;
				DEVELOPMENT_ASSET_PATHS = "\"SwiftBetaMarket/Preview Content\"";
				DEVELOPMENT_TEAM = K4FV5B8ZC4;
				ENABLE_PREVIEWS = YES;
				GENERATE_INFOPLIST_FILE = YES;
				INFOPLIST_KEY_NSSupportsLiveActivities = YES;
				INFOPLIST_KEY_UIApplicationSceneManifest_Generation = YES;
				INFOPLIST_KEY_UIApplicationSupportsIndirectInputEvents = YES;
				INFOPLIST_KEY_UILaunchScreen_Generation = YES;
				INFOPLIST_KEY_UISupportedInterfaceOrientations_iPad = "UIInterfaceOrientationPortrait UIInterfaceOrientationPortraitUpsideDown UIInterfaceOrientationLandscapeLeft UIInterfaceOrientationLandscapeRight";
				INFOPLIST_KEY_UISupportedInterfaceOrientations_iPhone = "UIInterfaceOrientationPortrait UIInterfaceOrientationLandscapeLeft UIInterfaceOrientationLandscapeRight";
				LD_RUNPATH_SEARCH_PATHS = (
					"$(inherited)",
					"@executable_path/Frameworks",
				);
				MARKETING_VERSION = 1.0;
				PRODUCT_BUNDLE_IDENTIFIER = com.swiftbeta.SwiftBetaMarket;
				PRODUCT_NAME = "$(TARGET_NAME)";
				SWIFT_EMIT_LOC_STRINGS = YES;
				SWIFT_VERSION = 5.0;
				TARGETED_DEVICE_FAMILY = "1,2";
			};
			name = Debug;
		};
		F45558D92A057D0D004072D1 /* Release */ = {
			isa = XCBuildConfiguration;
			buildSettings = {
				ALWAYS_EMBED_SWIFT_STANDARD_LIBRARIES = YES;
				ASSETCATALOG_COMPILER_APPICON_NAME = AppIcon;
				ASSETCATALOG_COMPILER_GLOBAL_ACCENT_COLOR_NAME = AccentColor;
				CODE_SIGN_STYLE = Automatic;
				CURRENT_PROJECT_VERSION = 1;
				DEVELOPMENT_ASSET_PATHS = "\"SwiftBetaMarket/Preview Content\"";
				DEVELOPMENT_TEAM = K4FV5B8ZC4;
				ENABLE_PREVIEWS = YES;
				GENERATE_INFOPLIST_FILE = YES;
				INFOPLIST_KEY_NSSupportsLiveActivities = YES;
				INFOPLIST_KEY_UIApplicationSceneManifest_Generation = YES;
				INFOPLIST_KEY_UIApplicationSupportsIndirectInputEvents = YES;
				INFOPLIST_KEY_UILaunchScreen_Generation = YES;
				INFOPLIST_KEY_UISupportedInterfaceOrientations_iPad = "UIInterfaceOrientationPortrait UIInterfaceOrientationPortraitUpsideDown UIInterfaceOrientationLandscapeLeft UIInterfaceOrientationLandscapeRight";
				INFOPLIST_KEY_UISupportedInterfaceOrientations_iPhone = "UIInterfaceOrientationPortrait UIInterfaceOrientationLandscapeLeft UIInterfaceOrientationLandscapeRight";
				LD_RUNPATH_SEARCH_PATHS = (
					"$(inherited)",
					"@executable_path/Frameworks",
				);
				MARKETING_VERSION = 1.0;
				PRODUCT_BUNDLE_IDENTIFIER = com.swiftbeta.SwiftBetaMarket;
				PRODUCT_NAME = "$(TARGET_NAME)";
				SWIFT_EMIT_LOC_STRINGS = YES;
				SWIFT_VERSION = 5.0;
				TARGETED_DEVICE_FAMILY = "1,2";
			};
			name = Release;
		};
		F45558FC2A063F24004072D1 /* Debug */ = {
			isa = XCBuildConfiguration;
			buildSettings = {
				ASSETCATALOG_COMPILER_GLOBAL_ACCENT_COLOR_NAME = AccentColor;
				ASSETCATALOG_COMPILER_WIDGET_BACKGROUND_COLOR_NAME = WidgetBackground;
				CODE_SIGN_STYLE = Automatic;
				CURRENT_PROJECT_VERSION = 1;
				DEVELOPMENT_TEAM = K4FV5B8ZC4;
				GENERATE_INFOPLIST_FILE = YES;
				INFOPLIST_FILE = MyExtension/Info.plist;
				INFOPLIST_KEY_CFBundleDisplayName = MyExtension;
				INFOPLIST_KEY_NSHumanReadableCopyright = "";
				LD_RUNPATH_SEARCH_PATHS = (
					"$(inherited)",
					"@executable_path/Frameworks",
					"@executable_path/../../Frameworks",
				);
				MARKETING_VERSION = 1.0;
				PRODUCT_BUNDLE_IDENTIFIER = com.swiftbeta.SwiftBetaMarket.MyExtension;
				PRODUCT_NAME = "$(TARGET_NAME)";
				SKIP_INSTALL = YES;
				SWIFT_EMIT_LOC_STRINGS = YES;
				SWIFT_VERSION = 5.0;
				TARGETED_DEVICE_FAMILY = "1,2";
			};
			name = Debug;
		};
		F45558FD2A063F24004072D1 /* Release */ = {
			isa = XCBuildConfiguration;
			buildSettings = {
				ASSETCATALOG_COMPILER_GLOBAL_ACCENT_COLOR_NAME = AccentColor;
				ASSETCATALOG_COMPILER_WIDGET_BACKGROUND_COLOR_NAME = WidgetBackground;
				CODE_SIGN_STYLE = Automatic;
				CURRENT_PROJECT_VERSION = 1;
				DEVELOPMENT_TEAM = K4FV5B8ZC4;
				GENERATE_INFOPLIST_FILE = YES;
				INFOPLIST_FILE = MyExtension/Info.plist;
				INFOPLIST_KEY_CFBundleDisplayName = MyExtension;
				INFOPLIST_KEY_NSHumanReadableCopyright = "";
				LD_RUNPATH_SEARCH_PATHS = (
					"$(inherited)",
					"@executable_path/Frameworks",
					"@executable_path/../../Frameworks",
				);
				MARKETING_VERSION = 1.0;
				PRODUCT_BUNDLE_IDENTIFIER = com.swiftbeta.SwiftBetaMarket.MyExtension;
				PRODUCT_NAME = "$(TARGET_NAME)";
				SKIP_INSTALL = YES;
				SWIFT_EMIT_LOC_STRINGS = YES;
				SWIFT_VERSION = 5.0;
				TARGETED_DEVICE_FAMILY = "1,2";
			};
			name = Release;
		};
/* End XCBuildConfiguration section */

/* Begin XCConfigurationList section */
		F45558C42A057D0C004072D1 /* Build configuration list for PBXProject "SwiftBetaMarket" */ = {
			isa = XCConfigurationList;
			buildConfigurations = (
				F45558D52A057D0D004072D1 /* Debug */,
				F45558D62A057D0D004072D1 /* Release */,
			);
			defaultConfigurationIsVisible = 0;
			defaultConfigurationName = Release;
		};
		F45558D72A057D0D004072D1 /* Build configuration list for PBXNativeTarget "SwiftBetaMarket" */ = {
			isa = XCConfigurationList;
			buildConfigurations = (
				F45558D82A057D0D004072D1 /* Debug */,
				F45558D92A057D0D004072D1 /* Release */,
			);
			defaultConfigurationIsVisible = 0;
			defaultConfigurationName = Release;
		};
		F45558FB2A063F24004072D1 /* Build configuration list for PBXNativeTarget "MyExtensionExtension" */ = {
			isa = XCConfigurationList;
			buildConfigurations = (
				F45558FC2A063F24004072D1 /* Debug */,
				F45558FD2A063F24004072D1 /* Release */,
			);
			defaultConfigurationIsVisible = 0;
			defaultConfigurationName = Release;
		};
/* End XCConfigurationList section */
	};
	rootObject = F45558C12A057D0C004072D1 /* Project object */;
}
